
Microsoft Visual Studio Solution File, Format Version 12.00
# Visual Studio Version 16
VisualStudioVersion = 16.0.30523.141
MinimumVisualStudioVersion = 10.0.40219.1
Project("{FAE04EC0-301F-11D3-BF4B-00C04F79EFBC}") = "Grupo5LUG", "Grupo5LUG\Grupo5LUG.csproj", "{ABC67E6A-A06C-42A9-A489-97E7C11D3C3D}"
EndProject
Global
	GlobalSection(SolutionConfigurationPlatforms) = preSolution
		Debug|Any CPU = Debug|Any CPU
		Release|Any CPU = Release|Any CPU
	EndGlobalSection
	GlobalSection(ProjectConfigurationPlatforms) = postSolution
		{ABC67E6A-A06C-42A9-A489-97E7C11D3C3D}.Debug|Any CPU.ActiveCfg = Debug|Any CPU
		{ABC67E6A-A06C-42A9-A489-97E7C11D3C3D}.Debug|Any CPU.Build.0 = Debug|Any CPU
		{ABC67E6A-A06C-42A9-A489-97E7C11D3C3D}.Release|Any CPU.ActiveCfg = Release|Any CPU
		{ABC67E6A-A06C-42A9-A489-97E7C11D3C3D}.Release|Any CPU.Build.0 = Release|Any CPU
	EndGlobalSection
	GlobalSection(SolutionProperties) = preSolution
		HideSolutionNode = FALSE
	EndGlobalSection
	GlobalSection(ExtensibilityGlobals) = postSolution
		SolutionGuid = {B9107F1E-5800-4A20-91B0-0BFA041A21D2}
	EndGlobalSection
EndGlobal
